
Microsoft Visual Studio Solution File, Format Version 12.00
# Visual Studio Version 17
VisualStudioVersion = 17.8.34330.188
MinimumVisualStudioVersion = 10.0.40219.1
Project("{FAE04EC0-301F-11D3-BF4B-00C04F79EFBC}") = "Back", "Back.csproj", "{A6EEFEE1-C8E1-41BC-B83C-05D82C69D17D}"
EndProject
Global
	GlobalSection(SolutionConfigurationPlatforms) = preSolution
		Debug|Any CPU = Debug|Any CPU
		Release|Any CPU = Release|Any CPU
	EndGlobalSection
	GlobalSection(ProjectConfigurationPlatforms) = postSolution
		{A6EEFEE1-C8E1-41BC-B83C-05D82C69D17D}.Debug|Any CPU.ActiveCfg = Debug|Any CPU
		{A6EEFEE1-C8E1-41BC-B83C-05D82C69D17D}.Debug|Any CPU.Build.0 = Debug|Any CPU
		{A6EEFEE1-C8E1-41BC-B83C-05D82C69D17D}.Release|Any CPU.ActiveCfg = Release|Any CPU
		{A6EEFEE1-C8E1-41BC-B83C-05D82C69D17D}.Release|Any CPU.Build.0 = Release|Any CPU
	EndGlobalSection
	GlobalSection(SolutionProperties) = preSolution
		HideSolutionNode = FALSE
	EndGlobalSection
	GlobalSection(ExtensibilityGlobals) = postSolution
		SolutionGuid = {A1E42DAE-65C8-4F60-A255-7C1CA371AE9E}
	EndGlobalSection
EndGlobal
